
Microsoft Visual Studio Solution File, Format Version 12.00
# Visual Studio Version 17
VisualStudioVersion = 17.5.33627.172
MinimumVisualStudioVersion = 10.0.40219.1
Project("{FAE04EC0-301F-11D3-BF4B-00C04F79EFBC}") = "TestWS", "TestWS.csproj", "{75A6F5E5-A70F-4362-8C3B-12FA14D42821}"
EndProject
Global
	GlobalSection(SolutionConfigurationPlatforms) = preSolution
		Debug|Any CPU = Debug|Any CPU
		Release|Any CPU = Release|Any CPU
	EndGlobalSection
	GlobalSection(ProjectConfigurationPlatforms) = postSolution
		{75A6F5E5-A70F-4362-8C3B-12FA14D42821}.Debug|Any CPU.ActiveCfg = Debug|Any CPU
		{75A6F5E5-A70F-4362-8C3B-12FA14D42821}.Debug|Any CPU.Build.0 = Debug|Any CPU
		{75A6F5E5-A70F-4362-8C3B-12FA14D42821}.Release|Any CPU.ActiveCfg = Release|Any CPU
		{75A6F5E5-A70F-4362-8C3B-12FA14D42821}.Release|Any CPU.Build.0 = Release|Any CPU
	EndGlobalSection
	GlobalSection(SolutionProperties) = preSolution
		HideSolutionNode = FALSE
	EndGlobalSection
	GlobalSection(ExtensibilityGlobals) = postSolution
		SolutionGuid = {87E5364A-39A9-431E-A27D-BA74B18DCACD}
	EndGlobalSection
EndGlobal
